
Microsoft Visual Studio Solution File, Format Version 12.00
# Visual Studio Version 16
VisualStudioVersion = 16.0.31025.194
MinimumVisualStudioVersion = 10.0.40219.1
Project("{8BC9CEB8-8B4A-11D0-8D11-00A0C91BC942}") = "Renderer", "Renderer\Renderer.vcxproj", "{82D3B96E-FD11-42EE-B427-22D9EA6BCB15}"
	ProjectSection(ProjectDependencies) = postProject
		{05F4F657-0842-46E3-B1DB-A1AAED5B61E7} = {05F4F657-0842-46E3-B1DB-A1AAED5B61E7}
	EndProjectSection
EndProject
Project("{8BC9CEB8-8B4A-11D0-8D11-00A0C91BC942}") = "SimplifyCalculator", "SimplifyCalculator\SimplifyCalculator.vcxproj", "{0D44AE7D-BF1E-4D51-9C8F-C111727C60F3}"
	ProjectSection(ProjectDependencies) = postProject
		{F1AA1F04-CAAD-4EDF-A31D-15F66E6DD87F} = {F1AA1F04-CAAD-4EDF-A31D-15F66E6DD87F}
		{05F4F657-0842-46E3-B1DB-A1AAED5B61E7} = {05F4F657-0842-46E3-B1DB-A1AAED5B61E7}
		{82D3B96E-FD11-42EE-B427-22D9EA6BCB15} = {82D3B96E-FD11-42EE-B427-22D9EA6BCB15}
		{2D08BFAC-7055-453D-8B15-002CC9939354} = {2D08BFAC-7055-453D-8B15-002CC9939354}
		{779D5CCF-C4F0-4702-8BDC-7E9C65108A2A} = {779D5CCF-C4F0-4702-8BDC-7E9C65108A2A}
	EndProjectSection
EndProject
Project("{8BC9CEB8-8B4A-11D0-8D11-00A0C91BC942}") = "BigInteger", "BigInteger\BigInteger.vcxproj", "{2D08BFAC-7055-453D-8B15-002CC9939354}"
EndProject
Project("{8BC9CEB8-8B4A-11D0-8D11-00A0C91BC942}") = "Math", "Math\Math.vcxproj", "{779D5CCF-C4F0-4702-8BDC-7E9C65108A2A}"
EndProject
Project("{8BC9CEB8-8B4A-11D0-8D11-00A0C91BC942}") = "wc", "wc\wc.vcxproj", "{F1AA1F04-CAAD-4EDF-A31D-15F66E6DD87F}"
EndProject
Project("{8BC9CEB8-8B4A-11D0-8D11-00A0C91BC942}") = "types", "types\types.vcxproj", "{05F4F657-0842-46E3-B1DB-A1AAED5B61E7}"
EndProject
Global
	GlobalSection(SolutionConfigurationPlatforms) = preSolution
		Debug|x64 = Debug|x64
		Debug|x86 = Debug|x86
		Release|x64 = Release|x64
		Release|x86 = Release|x86
	EndGlobalSection
	GlobalSection(ProjectConfigurationPlatforms) = postSolution
		{82D3B96E-FD11-42EE-B427-22D9EA6BCB15}.Debug|x64.ActiveCfg = Debug|x64
		{82D3B96E-FD11-42EE-B427-22D9EA6BCB15}.Debug|x64.Build.0 = Debug|x64
		{82D3B96E-FD11-42EE-B427-22D9EA6BCB15}.Debug|x86.ActiveCfg = Debug|Win32
		{82D3B96E-FD11-42EE-B427-22D9EA6BCB15}.Debug|x86.Build.0 = Debug|Win32
		{82D3B96E-FD11-42EE-B427-22D9EA6BCB15}.Release|x64.ActiveCfg = Release|x64
		{82D3B96E-FD11-42EE-B427-22D9EA6BCB15}.Release|x64.Build.0 = Release|x64
		{82D3B96E-FD11-42EE-B427-22D9EA6BCB15}.Release|x86.ActiveCfg = Release|Win32
		{82D3B96E-FD11-42EE-B427-22D9EA6BCB15}.Release|x86.Build.0 = Release|Win32
		{0D44AE7D-BF1E-4D51-9C8F-C111727C60F3}.Debug|x64.ActiveCfg = Debug|x64
		{0D44AE7D-BF1E-4D51-9C8F-C111727C60F3}.Debug|x64.Build.0 = Debug|x64
		{0D44AE7D-BF1E-4D51-9C8F-C111727C60F3}.Debug|x86.ActiveCfg = Debug|Win32
		{0D44AE7D-BF1E-4D51-9C8F-C111727C60F3}.Debug|x86.Build.0 = Debug|Win32
		{0D44AE7D-BF1E-4D51-9C8F-C111727C60F3}.Release|x64.ActiveCfg = Release|x64
		{0D44AE7D-BF1E-4D51-9C8F-C111727C60F3}.Release|x64.Build.0 = Release|x64
		{0D44AE7D-BF1E-4D51-9C8F-C111727C60F3}.Release|x86.ActiveCfg = Release|Win32
		{0D44AE7D-BF1E-4D51-9C8F-C111727C60F3}.Release|x86.Build.0 = Release|Win32
		{2D08BFAC-7055-453D-8B15-002CC9939354}.Debug|x64.ActiveCfg = Debug|x64
		{2D08BFAC-7055-453D-8B15-002CC9939354}.Debug|x64.Build.0 = Debug|x64
		{2D08BFAC-7055-453D-8B15-002CC9939354}.Debug|x86.ActiveCfg = Debug|Win32
		{2D08BFAC-7055-453D-8B15-002CC9939354}.Debug|x86.Build.0 = Debug|Win32
		{2D08BFAC-7055-453D-8B15-002CC9939354}.Release|x64.ActiveCfg = Release|x64
		{2D08BFAC-7055-453D-8B15-002CC9939354}.Release|x64.Build.0 = Release|x64
		{2D08BFAC-7055-453D-8B15-002CC9939354}.Release|x86.ActiveCfg = Release|Win32
		{2D08BFAC-7055-453D-8B15-002CC9939354}.Release|x86.Build.0 = Release|Win32
		{779D5CCF-C4F0-4702-8BDC-7E9C65108A2A}.Debug|x64.ActiveCfg = Debug|x64
		{779D5CCF-C4F0-4702-8BDC-7E9C65108A2A}.Debug|x64.Build.0 = Debug|x64
		{779D5CCF-C4F0-4702-8BDC-7E9C65108A2A}.Debug|x86.ActiveCfg = Debug|Win32
		{779D5CCF-C4F0-4702-8BDC-7E9C65108A2A}.Debug|x86.Build.0 = Debug|Win32
		{779D5CCF-C4F0-4702-8BDC-7E9C65108A2A}.Release|x64.ActiveCfg = Release|x64
		{779D5CCF-C4F0-4702-8BDC-7E9C65108A2A}.Release|x64.Build.0 = Release|x64
		{779D5CCF-C4F0-4702-8BDC-7E9C65108A2A}.Release|x86.ActiveCfg = Release|Win32
		{779D5CCF-C4F0-4702-8BDC-7E9C65108A2A}.Release|x86.Build.0 = Release|Win32
		{F1AA1F04-CAAD-4EDF-A31D-15F66E6DD87F}.Debug|x64.ActiveCfg = Debug|x64
		{F1AA1F04-CAAD-4EDF-A31D-15F66E6DD87F}.Debug|x64.Build.0 = Debug|x64
		{F1AA1F04-CAAD-4EDF-A31D-15F66E6DD87F}.Debug|x86.ActiveCfg = Debug|Win32
		{F1AA1F04-CAAD-4EDF-A31D-15F66E6DD87F}.Debug|x86.Build.0 = Debug|Win32
		{F1AA1F04-CAAD-4EDF-A31D-15F66E6DD87F}.Release|x64.ActiveCfg = Release|x64
		{F1AA1F04-CAAD-4EDF-A31D-15F66E6DD87F}.Release|x64.Build.0 = Release|x64
		{F1AA1F04-CAAD-4EDF-A31D-15F66E6DD87F}.Release|x86.ActiveCfg = Release|Win32
		{F1AA1F04-CAAD-4EDF-A31D-15F66E6DD87F}.Release|x86.Build.0 = Release|Win32
		{05F4F657-0842-46E3-B1DB-A1AAED5B61E7}.Debug|x64.ActiveCfg = Debug|x64
		{05F4F657-0842-46E3-B1DB-A1AAED5B61E7}.Debug|x64.Build.0 = Debug|x64
		{05F4F657-0842-46E3-B1DB-A1AAED5B61E7}.Debug|x86.ActiveCfg = Debug|Win32
		{05F4F657-0842-46E3-B1DB-A1AAED5B61E7}.Debug|x86.Build.0 = Debug|Win32
		{05F4F657-0842-46E3-B1DB-A1AAED5B61E7}.Release|x64.ActiveCfg = Release|x64
		{05F4F657-0842-46E3-B1DB-A1AAED5B61E7}.Release|x64.Build.0 = Release|x64
		{05F4F657-0842-46E3-B1DB-A1AAED5B61E7}.Release|x86.ActiveCfg = Release|Win32
		{05F4F657-0842-46E3-B1DB-A1AAED5B61E7}.Release|x86.Build.0 = Release|Win32
	EndGlobalSection
	GlobalSection(SolutionProperties) = preSolution
		HideSolutionNode = FALSE
	EndGlobalSection
	GlobalSection(ExtensibilityGlobals) = postSolution
		SolutionGuid = {2716ECAB-4B20-47DE-A377-B5CCBCC758BB}
	EndGlobalSection
EndGlobal
